
Microsoft Visual Studio Solution File, Format Version 12.00
# Visual Studio Version 17
VisualStudioVersion = 17.6.33723.286
MinimumVisualStudioVersion = 10.0.40219.1
Project("{FAE04EC0-301F-11D3-BF4B-00C04F79EFBC}") = "7.09.2023", "7.09.2023\7.09.2023.csproj", "{51B6AA03-6E70-49EB-888E-39B666065261}"
EndProject
Global
	GlobalSection(SolutionConfigurationPlatforms) = preSolution
		Debug|Any CPU = Debug|Any CPU
		Release|Any CPU = Release|Any CPU
	EndGlobalSection
	GlobalSection(ProjectConfigurationPlatforms) = postSolution
		{51B6AA03-6E70-49EB-888E-39B666065261}.Debug|Any CPU.ActiveCfg = Debug|Any CPU
		{51B6AA03-6E70-49EB-888E-39B666065261}.Debug|Any CPU.Build.0 = Debug|Any CPU
		{51B6AA03-6E70-49EB-888E-39B666065261}.Release|Any CPU.ActiveCfg = Release|Any CPU
		{51B6AA03-6E70-49EB-888E-39B666065261}.Release|Any CPU.Build.0 = Release|Any CPU
	EndGlobalSection
	GlobalSection(SolutionProperties) = preSolution
		HideSolutionNode = FALSE
	EndGlobalSection
	GlobalSection(ExtensibilityGlobals) = postSolution
		SolutionGuid = {46E1B132-5F46-4FA0-BB38-81745693D83D}
	EndGlobalSection
EndGlobal
